// !$*UTF8*$!
{
	archiveVersion = 1;
	classes = {
	};
	objectVersion = 46;
	objects = {

/* Begin PBXBuildFile section */
		8F8837D619B2ADBE00261E60 /* detailsView.m in Sources */ = {isa = PBXBuildFile; fileRef = 8F8837D519B2ADBE00261E60 /* detailsView.m */; };
		8F8F02E719AE38A900C84692 /* searchCell.m in Sources */ = {isa = PBXBuildFile; fileRef = 8F8F02E619AE38A900C84692 /* searchCell.m */; };
		8F8F02EA19AE3A0B00C84692 /* searchView.m in Sources */ = {isa = PBXBuildFile; fileRef = 8F8F02E919AE3A0B00C84692 /* searchView.m */; };
		8F8F02F319AE5EE100C84692 /* big_1.png in Resources */ = {isa = PBXBuildFile; fileRef = 8F8F02EB19AE5EE100C84692 /* big_1.png */; };
		8F8F02F419AE5EE100C84692 /* big_2.png in Resources */ = {isa = PBXBuildFile; fileRef = 8F8F02EC19AE5EE100C84692 /* big_2.png */; };
		8F8F02F519AE5EE100C84692 /* big_3.png in Resources */ = {isa = PBXBuildFile; fileRef = 8F8F02ED19AE5EE100C84692 /* big_3.png */; };
		8F8F02F619AE5EE100C84692 /* big_4.png in Resources */ = {isa = PBXBuildFile; fileRef = 8F8F02EE19AE5EE100C84692 /* big_4.png */; };
		8F8F02F719AE5EE100C84692 /* big_5.png in Resources */ = {isa = PBXBuildFile; fileRef = 8F8F02EF19AE5EE100C84692 /* big_5.png */; };
		8F8F02F819AE5EE100C84692 /* big_6.png in Resources */ = {isa = PBXBuildFile; fileRef = 8F8F02F019AE5EE100C84692 /* big_6.png */; };
		8F8F02F919AE5EE100C84692 /* big_7.png in Resources */ = {isa = PBXBuildFile; fileRef = 8F8F02F119AE5EE100C84692 /* big_7.png */; };
		8F8F02FA19AE5EE100C84692 /* big_8.png in Resources */ = {isa = PBXBuildFile; fileRef = 8F8F02F219AE5EE100C84692 /* big_8.png */; };
		8F8F030319AE5EF400C84692 /* th_1.png in Resources */ = {isa = PBXBuildFile; fileRef = 8F8F02FB19AE5EF400C84692 /* th_1.png */; };
		8F8F030419AE5EF400C84692 /* th_2.png in Resources */ = {isa = PBXBuildFile; fileRef = 8F8F02FC19AE5EF400C84692 /* th_2.png */; };
		8F8F030519AE5EF400C84692 /* th_3.png in Resources */ = {isa = PBXBuildFile; fileRef = 8F8F02FD19AE5EF400C84692 /* th_3.png */; };
		8F8F030619AE5EF400C84692 /* th_4.png in Resources */ = {isa = PBXBuildFile; fileRef = 8F8F02FE19AE5EF400C84692 /* th_4.png */; };
		8F8F030719AE5EF400C84692 /* th_5.png in Resources */ = {isa = PBXBuildFile; fileRef = 8F8F02FF19AE5EF400C84692 /* th_5.png */; };
		8F8F030819AE5EF400C84692 /* th_6.png in Resources */ = {isa = PBXBuildFile; fileRef = 8F8F030019AE5EF400C84692 /* th_6.png */; };
		8F8F030919AE5EF400C84692 /* th_7.png in Resources */ = {isa = PBXBuildFile; fileRef = 8F8F030119AE5EF400C84692 /* th_7.png */; };
		8F8F030A19AE5EF400C84692 /* th_8.png in Resources */ = {isa = PBXBuildFile; fileRef = 8F8F030219AE5EF400C84692 /* th_8.png */; };
		8FA124A719A9689B0002E28D /* avatar_big.png in Resources */ = {isa = PBXBuildFile; fileRef = 8FA1247819A9689B0002E28D /* avatar_big.png */; };
		8FA124A819A9689B0002E28D /* avatar_small.png in Resources */ = {isa = PBXBuildFile; fileRef = 8FA1247919A9689B0002E28D /* avatar_small.png */; };
		8FA124A919A9689B0002E28D /* back_1.jpg in Resources */ = {isa = PBXBuildFile; fileRef = 8FA1247A19A9689B0002E28D /* back_1.jpg */; };
		8FA124AA19A9689B0002E28D /* back_2.jpg in Resources */ = {isa = PBXBuildFile; fileRef = 8FA1247B19A9689B0002E28D /* back_2.jpg */; };
		8FA124AB19A9689B0002E28D /* back_notification.jpg in Resources */ = {isa = PBXBuildFile; fileRef = 8FA1247C19A9689B0002E28D /* back_notification.jpg */; };
		8FA124AC19A9689B0002E28D /* back_topbar.png in Resources */ = {isa = PBXBuildFile; fileRef = 8FA1247D19A9689B0002E28D /* back_topbar.png */; };
		8FA124AD19A9689B0002E28D /* back.png in Resources */ = {isa = PBXBuildFile; fileRef = 8FA1247E19A9689B0002E28D /* back.png */; };
		8FA124AE19A9689B0002E28D /* camera_btn.png in Resources */ = {isa = PBXBuildFile; fileRef = 8FA1247F19A9689B0002E28D /* camera_btn.png */; };
		8FA124AF19A9689B0002E28D /* card_big.png in Resources */ = {isa = PBXBuildFile; fileRef = 8FA1248019A9689B0002E28D /* card_big.png */; };
		8FA124B019A9689B0002E28D /* card_shadow.png in Resources */ = {isa = PBXBuildFile; fileRef = 8FA1248119A9689B0002E28D /* card_shadow.png */; };
		8FA124B519A9689B0002E28D /* CARDS in Resources */ = {isa = PBXBuildFile; fileRef = 8FA1248619A9689B0002E28D /* CARDS */; };
		8FA124B619A9689B0002E28D /* categoria_bar.png in Resources */ = {isa = PBXBuildFile; fileRef = 8FA1248719A9689B0002E28D /* categoria_bar.png */; };
		8FA124B719A9689B0002E28D /* categoria_op2_bar.png in Resources */ = {isa = PBXBuildFile; fileRef = 8FA1248819A9689B0002E28D /* categoria_op2_bar.png */; };
		8FA124B819A9689B0002E28D /* close_btn.png in Resources */ = {isa = PBXBuildFile; fileRef = 8FA1248919A9689B0002E28D /* close_btn.png */; };
		8FA124B919A9689B0002E28D /* dislike_off.png in Resources */ = {isa = PBXBuildFile; fileRef = 8FA1248A19A9689B0002E28D /* dislike_off.png */; };
		8FA124BA19A9689B0002E28D /* dislike_on.png in Resources */ = {isa = PBXBuildFile; fileRef = 8FA1248B19A9689B0002E28D /* dislike_on.png */; };
		8FA124BB19A9689B0002E28D /* empty_badge_profile.jpg in Resources */ = {isa = PBXBuildFile; fileRef = 8FA1248C19A9689B0002E28D /* empty_badge_profile.jpg */; };
		8FA124BC19A9689B0002E28D /* fabebook_btn.png in Resources */ = {isa = PBXBuildFile; fileRef = 8FA1248D19A9689B0002E28D /* fabebook_btn.png */; };
		8FA124BD19A9689B0002E28D /* fav_mini_on.png in Resources */ = {isa = PBXBuildFile; fileRef = 8FA1248E19A9689B0002E28D /* fav_mini_on.png */; };
		8FA124BE19A9689B0002E28D /* fav_moni_off.png in Resources */ = {isa = PBXBuildFile; fileRef = 8FA1248F19A9689B0002E28D /* fav_moni_off.png */; };
		8FA124BF19A9689B0002E28D /* fav_off.png in Resources */ = {isa = PBXBuildFile; fileRef = 8FA1249019A9689B0002E28D /* fav_off.png */; };
		8FA124C019A9689B0002E28D /* fav_on.png in Resources */ = {isa = PBXBuildFile; fileRef = 8FA1249119A9689B0002E28D /* fav_on.png */; };
		8FA124C119A9689B0002E28D /* flag_off.png in Resources */ = {isa = PBXBuildFile; fileRef = 8FA1249219A9689B0002E28D /* flag_off.png */; };
		8FA124C219A9689B0002E28D /* flag_on.png in Resources */ = {isa = PBXBuildFile; fileRef = 8FA1249319A9689B0002E28D /* flag_on.png */; };
		8FA124C319A9689B0002E28D /* happy_mini.png in Resources */ = {isa = PBXBuildFile; fileRef = 8FA1249419A9689B0002E28D /* happy_mini.png */; };
		8FA124C419A9689B0002E28D /* linkedin.png in Resources */ = {isa = PBXBuildFile; fileRef = 8FA1249519A9689B0002E28D /* linkedin.png */; };
		8FA124C519A9689B0002E28D /* log_suggestic_bar.png in Resources */ = {isa = PBXBuildFile; fileRef = 8FA1249619A9689B0002E28D /* log_suggestic_bar.png */; };
		8FA124C619A9689B0002E28D /* logo_suggestic_inicio.png in Resources */ = {isa = PBXBuildFile; fileRef = 8FA1249719A9689B0002E28D /* logo_suggestic_inicio.png */; };
		8FA124C719A9689B0002E28D /* menu_top_bar.png in Resources */ = {isa = PBXBuildFile; fileRef = 8FA1249819A9689B0002E28D /* menu_top_bar.png */; };
		8FA124C819A9689B0002E28D /* next_btn_inicio.png in Resources */ = {isa = PBXBuildFile; fileRef = 8FA1249919A9689B0002E28D /* next_btn_inicio.png */; };
		8FA124C919A9689B0002E28D /* no_image_icon.png in Resources */ = {isa = PBXBuildFile; fileRef = 8FA1249A19A9689B0002E28D /* no_image_icon.png */; };
		8FA124CA19A9689B0002E28D /* ok_btn_inicio.png in Resources */ = {isa = PBXBuildFile; fileRef = 8FA1249B19A9689B0002E28D /* ok_btn_inicio.png */; };
		8FA124CB19A9689B0002E28D /* ok_btn.png in Resources */ = {isa = PBXBuildFile; fileRef = 8FA1249C19A9689B0002E28D /* ok_btn.png */; };
		8FA124CC19A9689B0002E28D /* page_off.png in Resources */ = {isa = PBXBuildFile; fileRef = 8FA1249D19A9689B0002E28D /* page_off.png */; };
		8FA124CD19A9689B0002E28D /* page_on.png in Resources */ = {isa = PBXBuildFile; fileRef = 8FA1249E19A9689B0002E28D /* page_on.png */; };
		8FA124CE19A9689B0002E28D /* phone_btn.png in Resources */ = {isa = PBXBuildFile; fileRef = 8FA1249F19A9689B0002E28D /* phone_btn.png */; };
		8FA124CF19A9689B0002E28D /* phone.png in Resources */ = {isa = PBXBuildFile; fileRef = 8FA124A019A9689B0002E28D /* phone.png */; };
		8FA124D019A9689B0002E28D /* pin.png in Resources */ = {isa = PBXBuildFile; fileRef = 8FA124A119A9689B0002E28D /* pin.png */; };
		8FA124D119A9689B0002E28D /* plus_btn.png in Resources */ = {isa = PBXBuildFile; fileRef = 8FA124A219A9689B0002E28D /* plus_btn.png */; };
		8FA124D219A9689B0002E28D /* sad_mini.png in Resources */ = {isa = PBXBuildFile; fileRef = 8FA124A319A9689B0002E28D /* sad_mini.png */; };
		8FA124D319A9689B0002E28D /* search_top_bar.png in Resources */ = {isa = PBXBuildFile; fileRef = 8FA124A419A9689B0002E28D /* search_top_bar.png */; };
		8FA124D419A9689B0002E28D /* sombra_restaurant_info.png in Resources */ = {isa = PBXBuildFile; fileRef = 8FA124A519A9689B0002E28D /* sombra_restaurant_info.png */; };
		8FA124D519A9689B0002E28D /* twitter_btn.png in Resources */ = {isa = PBXBuildFile; fileRef = 8FA124A619A9689B0002E28D /* twitter_btn.png */; };
		8FA124D819A97F2D0002E28D /* loginView.m in Sources */ = {isa = PBXBuildFile; fileRef = 8FA124D719A97F2C0002E28D /* loginView.m */; };
		8FA124DE19A994310002E28D /* restrictionsView.m in Sources */ = {isa = PBXBuildFile; fileRef = 8FA124DD19A994310002E28D /* restrictionsView.m */; };
		8FA124E619AB86F50002E28D /* QuartzCore.framework in Frameworks */ = {isa = PBXBuildFile; fileRef = 8FA124E519AB86F50002E28D /* QuartzCore.framework */; };
		8FA124F319AB91630002E28D /* Roboto-Black.ttf in Resources */ = {isa = PBXBuildFile; fileRef = 8FA124E719AB91620002E28D /* Roboto-Black.ttf */; };
		8FA124F419AB91630002E28D /* Roboto-BlackItalic.ttf in Resources */ = {isa = PBXBuildFile; fileRef = 8FA124E819AB91620002E28D /* Roboto-BlackItalic.ttf */; };
		8FA124F519AB91630002E28D /* Roboto-Bold.ttf in Resources */ = {isa = PBXBuildFile; fileRef = 8FA124E919AB91620002E28D /* Roboto-Bold.ttf */; };
		8FA124F619AB91630002E28D /* Roboto-BoldItalic.ttf in Resources */ = {isa = PBXBuildFile; fileRef = 8FA124EA19AB91620002E28D /* Roboto-BoldItalic.ttf */; };
		8FA124F719AB91630002E28D /* Roboto-Italic.ttf in Resources */ = {isa = PBXBuildFile; fileRef = 8FA124EB19AB91620002E28D /* Roboto-Italic.ttf */; };
		8FA124F819AB91630002E28D /* Roboto-Light.ttf in Resources */ = {isa = PBXBuildFile; fileRef = 8FA124EC19AB91620002E28D /* Roboto-Light.ttf */; };
		8FA124F919AB91630002E28D /* Roboto-LightItalic.ttf in Resources */ = {isa = PBXBuildFile; fileRef = 8FA124ED19AB91620002E28D /* Roboto-LightItalic.ttf */; };
		8FA124FA19AB91630002E28D /* Roboto-Medium.ttf in Resources */ = {isa = PBXBuildFile; fileRef = 8FA124EE19AB91630002E28D /* Roboto-Medium.ttf */; };
		8FA124FB19AB91630002E28D /* Roboto-MediumItalic.ttf in Resources */ = {isa = PBXBuildFile; fileRef = 8FA124EF19AB91630002E28D /* Roboto-MediumItalic.ttf */; };
		8FA124FC19AB91630002E28D /* Roboto-Regular.ttf in Resources */ = {isa = PBXBuildFile; fileRef = 8FA124F019AB91630002E28D /* Roboto-Regular.ttf */; };
		8FA124FD19AB91630002E28D /* Roboto-Thin.ttf in Resources */ = {isa = PBXBuildFile; fileRef = 8FA124F119AB91630002E28D /* Roboto-Thin.ttf */; };
		8FA124FE19AB91630002E28D /* Roboto-ThinItalic.ttf in Resources */ = {isa = PBXBuildFile; fileRef = 8FA124F219AB91630002E28D /* Roboto-ThinItalic.ttf */; };
		8FA1250219ABA3D20002E28D /* dragCell.m in Sources */ = {isa = PBXBuildFile; fileRef = 8FA1250019ABA3D20002E28D /* dragCell.m */; };
		8FA1250319ABA3D20002E28D /* dragCell.xib in Resources */ = {isa = PBXBuildFile; fileRef = 8FA1250119ABA3D20002E28D /* dragCell.xib */; };
		8FC1799419AD58D2009FFE6F /* likesView.m in Sources */ = {isa = PBXBuildFile; fileRef = 8FC1799319AD58D2009FFE6F /* likesView.m */; };
		8FC1799819AD604D009FFE6F /* scoreCell.m in Sources */ = {isa = PBXBuildFile; fileRef = 8FC1799619AD604D009FFE6F /* scoreCell.m */; };
		8FC1799919AD604D009FFE6F /* scoreCell.xib in Resources */ = {isa = PBXBuildFile; fileRef = 8FC1799719AD604D009FFE6F /* scoreCell.xib */; };
		8FCE7E6219A65AC300C110AB /* Foundation.framework in Frameworks */ = {isa = PBXBuildFile; fileRef = 8FCE7E6119A65AC300C110AB /* Foundation.framework */; };
		8FCE7E6419A65AC300C110AB /* CoreGraphics.framework in Frameworks */ = {isa = PBXBuildFile; fileRef = 8FCE7E6319A65AC300C110AB /* CoreGraphics.framework */; };
		8FCE7E6619A65AC300C110AB /* UIKit.framework in Frameworks */ = {isa = PBXBuildFile; fileRef = 8FCE7E6519A65AC300C110AB /* UIKit.framework */; };
		8FCE7E6C19A65AC300C110AB /* InfoPlist.strings in Resources */ = {isa = PBXBuildFile; fileRef = 8FCE7E6A19A65AC300C110AB /* InfoPlist.strings */; };
		8FCE7E6E19A65AC300C110AB /* main.m in Sources */ = {isa = PBXBuildFile; fileRef = 8FCE7E6D19A65AC300C110AB /* main.m */; };
		8FCE7E7219A65AC300C110AB /* AppDelegate.m in Sources */ = {isa = PBXBuildFile; fileRef = 8FCE7E7119A65AC300C110AB /* AppDelegate.m */; };
		8FCE7E7519A65AC400C110AB /* Main_iPhone.storyboard in Resources */ = {isa = PBXBuildFile; fileRef = 8FCE7E7319A65AC400C110AB /* Main_iPhone.storyboard */; };
		8FCE7E7819A65AC400C110AB /* Main_iPad.storyboard in Resources */ = {isa = PBXBuildFile; fileRef = 8FCE7E7619A65AC400C110AB /* Main_iPad.storyboard */; };
		8FCE7E7B19A65AC400C110AB /* ViewController.m in Sources */ = {isa = PBXBuildFile; fileRef = 8FCE7E7A19A65AC400C110AB /* ViewController.m */; };
		8FCE7E7D19A65AC400C110AB /* Images.xcassets in Resources */ = {isa = PBXBuildFile; fileRef = 8FCE7E7C19A65AC400C110AB /* Images.xcassets */; };
		8FCE7E8419A65AC400C110AB /* XCTest.framework in Frameworks */ = {isa = PBXBuildFile; fileRef = 8FCE7E8319A65AC400C110AB /* XCTest.framework */; };
		8FCE7E8519A65AC400C110AB /* Foundation.framework in Frameworks */ = {isa = PBXBuildFile; fileRef = 8FCE7E6119A65AC300C110AB /* Foundation.framework */; };
		8FCE7E8619A65AC400C110AB /* UIKit.framework in Frameworks */ = {isa = PBXBuildFile; fileRef = 8FCE7E6519A65AC300C110AB /* UIKit.framework */; };
		8FCE7E8E19A65AC400C110AB /* InfoPlist.strings in Resources */ = {isa = PBXBuildFile; fileRef = 8FCE7E8C19A65AC400C110AB /* InfoPlist.strings */; };
		8FCE7E9019A65AC400C110AB /* suggesticTests.m in Sources */ = {isa = PBXBuildFile; fileRef = 8FCE7E8F19A65AC400C110AB /* suggesticTests.m */; };
		8FF016B219B407ED00300043 /* temp_cafe_logo.png in Resources */ = {isa = PBXBuildFile; fileRef = 8FF016B119B407EC00300043 /* temp_cafe_logo.png */; };
		8FF016B519B40DB600300043 /* detailsCell.m in Sources */ = {isa = PBXBuildFile; fileRef = 8FF016B419B40DB600300043 /* detailsCell.m */; };
		8FF016BE19B41F6200300043 /* details_1.png in Resources */ = {isa = PBXBuildFile; fileRef = 8FF016B619B41F6200300043 /* details_1.png */; };
		8FF016BF19B41F6200300043 /* details_2.png in Resources */ = {isa = PBXBuildFile; fileRef = 8FF016B719B41F6200300043 /* details_2.png */; };
		8FF016C019B41F6200300043 /* details_3.png in Resources */ = {isa = PBXBuildFile; fileRef = 8FF016B819B41F6200300043 /* details_3.png */; };
		8FF016C119B41F6200300043 /* details_4.png in Resources */ = {isa = PBXBuildFile; fileRef = 8FF016B919B41F6200300043 /* details_4.png */; };
		8FF016C219B41F6200300043 /* details_5.png in Resources */ = {isa = PBXBuildFile; fileRef = 8FF016BA19B41F6200300043 /* details_5.png */; };
		8FF016C319B41F6200300043 /* details_6.png in Resources */ = {isa = PBXBuildFile; fileRef = 8FF016BB19B41F6200300043 /* details_6.png */; };
		8FF016C419B41F6200300043 /* details_7.png in Resources */ = {isa = PBXBuildFile; fileRef = 8FF016BC19B41F6200300043 /* details_7.png */; };
		8FF016C519B41F6200300043 /* details_8.png in Resources */ = {isa = PBXBuildFile; fileRef = 8FF016BD19B41F6200300043 /* details_8.png */; };
/* End PBXBuildFile section */

/* Begin PBXContainerItemProxy section */
		8FCE7E8719A65AC400C110AB /* PBXContainerItemProxy */ = {
			isa = PBXContainerItemProxy;
			containerPortal = 8FCE7E5619A65AC200C110AB /* Project object */;
			proxyType = 1;
			remoteGlobalIDString = 8FCE7E5D19A65AC300C110AB;
			remoteInfo = suggestic;
		};
/* End PBXContainerItemProxy section */

/* Begin PBXFileReference section */
		8F8837D419B2ADBE00261E60 /* detailsView.h */ = {isa = PBXFileReference; fileEncoding = 4; lastKnownFileType = sourcecode.c.h; path = detailsView.h; sourceTree = "<group>"; };
		8F8837D519B2ADBE00261E60 /* detailsView.m */ = {isa = PBXFileReference; fileEncoding = 4; lastKnownFileType = sourcecode.c.objc; path = detailsView.m; sourceTree = "<group>"; };
		8F8F02E519AE38A900C84692 /* searchCell.h */ = {isa = PBXFileReference; fileEncoding = 4; lastKnownFileType = sourcecode.c.h; path = searchCell.h; sourceTree = "<group>"; };
		8F8F02E619AE38A900C84692 /* searchCell.m */ = {isa = PBXFileReference; fileEncoding = 4; lastKnownFileType = sourcecode.c.objc; path = searchCell.m; sourceTree = "<group>"; };
		8F8F02E819AE3A0B00C84692 /* searchView.h */ = {isa = PBXFileReference; fileEncoding = 4; lastKnownFileType = sourcecode.c.h; path = searchView.h; sourceTree = "<group>"; };
		8F8F02E919AE3A0B00C84692 /* searchView.m */ = {isa = PBXFileReference; fileEncoding = 4; lastKnownFileType = sourcecode.c.objc; path = searchView.m; sourceTree = "<group>"; };
		8F8F02EB19AE5EE100C84692 /* big_1.png */ = {isa = PBXFileReference; lastKnownFileType = image.png; name = big_1.png; path = assets/big_1.png; sourceTree = "<group>"; };
		8F8F02EC19AE5EE100C84692 /* big_2.png */ = {isa = PBXFileReference; lastKnownFileType = image.png; name = big_2.png; path = assets/big_2.png; sourceTree = "<group>"; };
		8F8F02ED19AE5EE100C84692 /* big_3.png */ = {isa = PBXFileReference; lastKnownFileType = image.png; name = big_3.png; path = assets/big_3.png; sourceTree = "<group>"; };
		8F8F02EE19AE5EE100C84692 /* big_4.png */ = {isa = PBXFileReference; lastKnownFileType = image.png; name = big_4.png; path = assets/big_4.png; sourceTree = "<group>"; };
		8F8F02EF19AE5EE100C84692 /* big_5.png */ = {isa = PBXFileReference; lastKnownFileType = image.png; name = big_5.png; path = assets/big_5.png; sourceTree = "<group>"; };
		8F8F02F019AE5EE100C84692 /* big_6.png */ = {isa = PBXFileReference; lastKnownFileType = image.png; name = big_6.png; path = assets/big_6.png; sourceTree = "<group>"; };
		8F8F02F119AE5EE100C84692 /* big_7.png */ = {isa = PBXFileReference; lastKnownFileType = image.png; name = big_7.png; path = assets/big_7.png; sourceTree = "<group>"; };
		8F8F02F219AE5EE100C84692 /* big_8.png */ = {isa = PBXFileReference; lastKnownFileType = image.png; name = big_8.png; path = assets/big_8.png; sourceTree = "<group>"; };
		8F8F02FB19AE5EF400C84692 /* th_1.png */ = {isa = PBXFileReference; lastKnownFileType = image.png; name = th_1.png; path = assets/th_1.png; sourceTree = "<group>"; };
		8F8F02FC19AE5EF400C84692 /* th_2.png */ = {isa = PBXFileReference; lastKnownFileType = image.png; name = th_2.png; path = assets/th_2.png; sourceTree = "<group>"; };
		8F8F02FD19AE5EF400C84692 /* th_3.png */ = {isa = PBXFileReference; lastKnownFileType = image.png; name = th_3.png; path = assets/th_3.png; sourceTree = "<group>"; };
		8F8F02FE19AE5EF400C84692 /* th_4.png */ = {isa = PBXFileReference; lastKnownFileType = image.png; name = th_4.png; path = assets/th_4.png; sourceTree = "<group>"; };
		8F8F02FF19AE5EF400C84692 /* th_5.png */ = {isa = PBXFileReference; lastKnownFileType = image.png; name = th_5.png; path = assets/th_5.png; sourceTree = "<group>"; };
		8F8F030019AE5EF400C84692 /* th_6.png */ = {isa = PBXFileReference; lastKnownFileType = image.png; name = th_6.png; path = assets/th_6.png; sourceTree = "<group>"; };
		8F8F030119AE5EF400C84692 /* th_7.png */ = {isa = PBXFileReference; lastKnownFileType = image.png; name = th_7.png; path = assets/th_7.png; sourceTree = "<group>"; };
		8F8F030219AE5EF400C84692 /* th_8.png */ = {isa = PBXFileReference; lastKnownFileType = image.png; name = th_8.png; path = assets/th_8.png; sourceTree = "<group>"; };
		8FA1247819A9689B0002E28D /* avatar_big.png */ = {isa = PBXFileReference; lastKnownFileType = image.png; name = avatar_big.png; path = assets/avatar_big.png; sourceTree = "<group>"; };
		8FA1247919A9689B0002E28D /* avatar_small.png */ = {isa = PBXFileReference; lastKnownFileType = image.png; name = avatar_small.png; path = assets/avatar_small.png; sourceTree = "<group>"; };
		8FA1247A19A9689B0002E28D /* back_1.jpg */ = {isa = PBXFileReference; lastKnownFileType = image.jpeg; name = back_1.jpg; path = assets/back_1.jpg; sourceTree = "<group>"; };
		8FA1247B19A9689B0002E28D /* back_2.jpg */ = {isa = PBXFileReference; lastKnownFileType = image.jpeg; name = back_2.jpg; path = assets/back_2.jpg; sourceTree = "<group>"; };
		8FA1247C19A9689B0002E28D /* back_notification.jpg */ = {isa = PBXFileReference; lastKnownFileType = image.jpeg; name = back_notification.jpg; path = assets/back_notification.jpg; sourceTree = "<group>"; };
		8FA1247D19A9689B0002E28D /* back_topbar.png */ = {isa = PBXFileReference; lastKnownFileType = image.png; name = back_topbar.png; path = assets/back_topbar.png; sourceTree = "<group>"; };
		8FA1247E19A9689B0002E28D /* back.png */ = {isa = PBXFileReference; lastKnownFileType = image.png; name = back.png; path = assets/back.png; sourceTree = "<group>"; };
		8FA1247F19A9689B0002E28D /* camera_btn.png */ = {isa = PBXFileReference; lastKnownFileType = image.png; name = camera_btn.png; path = assets/camera_btn.png; sourceTree = "<group>"; };
		8FA1248019A9689B0002E28D /* card_big.png */ = {isa = PBXFileReference; lastKnownFileType = image.png; name = card_big.png; path = assets/card_big.png; sourceTree = "<group>"; };
		8FA1248119A9689B0002E28D /* card_shadow.png */ = {isa = PBXFileReference; lastKnownFileType = image.png; name = card_shadow.png; path = assets/card_shadow.png; sourceTree = "<group>"; };
		8FA1248619A9689B0002E28D /* CARDS */ = {isa = PBXFileReference; lastKnownFileType = folder; name = CARDS; path = assets/CARDS; sourceTree = "<group>"; };
		8FA1248719A9689B0002E28D /* categoria_bar.png */ = {isa = PBXFileReference; lastKnownFileType = image.png; name = categoria_bar.png; path = assets/categoria_bar.png; sourceTree = "<group>"; };
		8FA1248819A9689B0002E28D /* categoria_op2_bar.png */ = {isa = PBXFileReference; lastKnownFileType = image.png; name = categoria_op2_bar.png; path = assets/categoria_op2_bar.png; sourceTree = "<group>"; };
		8FA1248919A9689B0002E28D /* close_btn.png */ = {isa = PBXFileReference; lastKnownFileType = image.png; name = close_btn.png; path = assets/close_btn.png; sourceTree = "<group>"; };
		8FA1248A19A9689B0002E28D /* dislike_off.png */ = {isa = PBXFileReference; lastKnownFileType = image.png; name = dislike_off.png; path = assets/dislike_off.png; sourceTree = "<group>"; };
		8FA1248B19A9689B0002E28D /* dislike_on.png */ = {isa = PBXFileReference; lastKnownFileType = image.png; name = dislike_on.png; path = assets/dislike_on.png; sourceTree = "<group>"; };
		8FA1248C19A9689B0002E28D /* empty_badge_profile.jpg */ = {isa = PBXFileReference; lastKnownFileType = image.jpeg; name = empty_badge_profile.jpg; path = assets/empty_badge_profile.jpg; sourceTree = "<group>"; };
		8FA1248D19A9689B0002E28D /* fabebook_btn.png */ = {isa = PBXFileReference; lastKnownFileType = image.png; name = fabebook_btn.png; path = assets/fabebook_btn.png; sourceTree = "<group>"; };
		8FA1248E19A9689B0002E28D /* fav_mini_on.png */ = {isa = PBXFileReference; lastKnownFileType = image.png; name = fav_mini_on.png; path = assets/fav_mini_on.png; sourceTree = "<group>"; };
		8FA1248F19A9689B0002E28D /* fav_moni_off.png */ = {isa = PBXFileReference; lastKnownFileType = image.png; name = fav_moni_off.png; path = assets/fav_moni_off.png; sourceTree = "<group>"; };
		8FA1249019A9689B0002E28D /* fav_off.png */ = {isa = PBXFileReference; lastKnownFileType = image.png; name = fav_off.png; path = assets/fav_off.png; sourceTree = "<group>"; };
		8FA1249119A9689B0002E28D /* fav_on.png */ = {isa = PBXFileReference; lastKnownFileType = image.png; name = fav_on.png; path = assets/fav_on.png; sourceTree = "<group>"; };
		8FA1249219A9689B0002E28D /* flag_off.png */ = {isa = PBXFileReference; lastKnownFileType = image.png; name = flag_off.png; path = assets/flag_off.png; sourceTree = "<group>"; };
		8FA1249319A9689B0002E28D /* flag_on.png */ = {isa = PBXFileReference; lastKnownFileType = image.png; name = flag_on.png; path = assets/flag_on.png; sourceTree = "<group>"; };
		8FA1249419A9689B0002E28D /* happy_mini.png */ = {isa = PBXFileReference; lastKnownFileType = image.png; name = happy_mini.png; path = assets/happy_mini.png; sourceTree = "<group>"; };
		8FA1249519A9689B0002E28D /* linkedin.png */ = {isa = PBXFileReference; lastKnownFileType = image.png; name = linkedin.png; path = assets/linkedin.png; sourceTree = "<group>"; };
		8FA1249619A9689B0002E28D /* log_suggestic_bar.png */ = {isa = PBXFileReference; lastKnownFileType = image.png; name = log_suggestic_bar.png; path = assets/log_suggestic_bar.png; sourceTree = "<group>"; };
		8FA1249719A9689B0002E28D /* logo_suggestic_inicio.png */ = {isa = PBXFileReference; lastKnownFileType = image.png; name = logo_suggestic_inicio.png; path = assets/logo_suggestic_inicio.png; sourceTree = "<group>"; };
		8FA1249819A9689B0002E28D /* menu_top_bar.png */ = {isa = PBXFileReference; lastKnownFileType = image.png; name = menu_top_bar.png; path = assets/menu_top_bar.png; sourceTree = "<group>"; };
		8FA1249919A9689B0002E28D /* next_btn_inicio.png */ = {isa = PBXFileReference; lastKnownFileType = image.png; name = next_btn_inicio.png; path = assets/next_btn_inicio.png; sourceTree = "<group>"; };
		8FA1249A19A9689B0002E28D /* no_image_icon.png */ = {isa = PBXFileReference; lastKnownFileType = image.png; name = no_image_icon.png; path = assets/no_image_icon.png; sourceTree = "<group>"; };
		8FA1249B19A9689B0002E28D /* ok_btn_inicio.png */ = {isa = PBXFileReference; lastKnownFileType = image.png; name = ok_btn_inicio.png; path = assets/ok_btn_inicio.png; sourceTree = "<group>"; };
		8FA1249C19A9689B0002E28D /* ok_btn.png */ = {isa = PBXFileReference; lastKnownFileType = image.png; name = ok_btn.png; path = assets/ok_btn.png; sourceTree = "<group>"; };
		8FA1249D19A9689B0002E28D /* page_off.png */ = {isa = PBXFileReference; lastKnownFileType = image.png; name = page_off.png; path = assets/page_off.png; sourceTree = "<group>"; };
		8FA1249E19A9689B0002E28D /* page_on.png */ = {isa = PBXFileReference; lastKnownFileType = image.png; name = page_on.png; path = assets/page_on.png; sourceTree = "<group>"; };
		8FA1249F19A9689B0002E28D /* phone_btn.png */ = {isa = PBXFileReference; lastKnownFileType = image.png; name = phone_btn.png; path = assets/phone_btn.png; sourceTree = "<group>"; };
		8FA124A019A9689B0002E28D /* phone.png */ = {isa = PBXFileReference; lastKnownFileType = image.png; name = phone.png; path = assets/phone.png; sourceTree = "<group>"; };
		8FA124A119A9689B0002E28D /* pin.png */ = {isa = PBXFileReference; lastKnownFileType = image.png; name = pin.png; path = assets/pin.png; sourceTree = "<group>"; };
		8FA124A219A9689B0002E28D /* plus_btn.png */ = {isa = PBXFileReference; lastKnownFileType = image.png; name = plus_btn.png; path = assets/plus_btn.png; sourceTree = "<group>"; };
		8FA124A319A9689B0002E28D /* sad_mini.png */ = {isa = PBXFileReference; lastKnownFileType = image.png; name = sad_mini.png; path = assets/sad_mini.png; sourceTree = "<group>"; };
		8FA124A419A9689B0002E28D /* search_top_bar.png */ = {isa = PBXFileReference; lastKnownFileType = image.png; name = search_top_bar.png; path = assets/search_top_bar.png; sourceTree = "<group>"; };
		8FA124A519A9689B0002E28D /* sombra_restaurant_info.png */ = {isa = PBXFileReference; lastKnownFileType = image.png; name = sombra_restaurant_info.png; path = assets/sombra_restaurant_info.png; sourceTree = "<group>"; };
		8FA124A619A9689B0002E28D /* twitter_btn.png */ = {isa = PBXFileReference; lastKnownFileType = image.png; name = twitter_btn.png; path = assets/twitter_btn.png; sourceTree = "<group>"; };
		8FA124D619A97F2C0002E28D /* loginView.h */ = {isa = PBXFileReference; fileEncoding = 4; lastKnownFileType = sourcecode.c.h; path = loginView.h; sourceTree = "<group>"; };
		8FA124D719A97F2C0002E28D /* loginView.m */ = {isa = PBXFileReference; fileEncoding = 4; lastKnownFileType = sourcecode.c.objc; path = loginView.m; sourceTree = "<group>"; };
		8FA124DC19A994310002E28D /* restrictionsView.h */ = {isa = PBXFileReference; fileEncoding = 4; lastKnownFileType = sourcecode.c.h; path = restrictionsView.h; sourceTree = "<group>"; };
		8FA124DD19A994310002E28D /* restrictionsView.m */ = {isa = PBXFileReference; fileEncoding = 4; lastKnownFileType = sourcecode.c.objc; path = restrictionsView.m; sourceTree = "<group>"; };
		8FA124E519AB86F50002E28D /* QuartzCore.framework */ = {isa = PBXFileReference; lastKnownFileType = wrapper.framework; name = QuartzCore.framework; path = System/Library/Frameworks/QuartzCore.framework; sourceTree = SDKROOT; };
		8FA124E719AB91620002E28D /* Roboto-Black.ttf */ = {isa = PBXFileReference; lastKnownFileType = file; name = "Roboto-Black.ttf"; path = "assets/fonts/Roboto-Black.ttf"; sourceTree = "<group>"; };
		8FA124E819AB91620002E28D /* Roboto-BlackItalic.ttf */ = {isa = PBXFileReference; lastKnownFileType = file; name = "Roboto-BlackItalic.ttf"; path = "assets/fonts/Roboto-BlackItalic.ttf"; sourceTree = "<group>"; };
		8FA124E919AB91620002E28D /* Roboto-Bold.ttf */ = {isa = PBXFileReference; lastKnownFileType = file; name = "Roboto-Bold.ttf"; path = "assets/fonts/Roboto-Bold.ttf"; sourceTree = "<group>"; };
		8FA124EA19AB91620002E28D /* Roboto-BoldItalic.ttf */ = {isa = PBXFileReference; lastKnownFileType = file; name = "Roboto-BoldItalic.ttf"; path = "assets/fonts/Roboto-BoldItalic.ttf"; sourceTree = "<group>"; };
		8FA124EB19AB91620002E28D /* Roboto-Italic.ttf */ = {isa = PBXFileReference; lastKnownFileType = file; name = "Roboto-Italic.ttf"; path = "assets/fonts/Roboto-Italic.ttf"; sourceTree = "<group>"; };
		8FA124EC19AB91620002E28D /* Roboto-Light.ttf */ = {isa = PBXFileReference; lastKnownFileType = file; name = "Roboto-Light.ttf"; path = "assets/fonts/Roboto-Light.ttf"; sourceTree = "<group>"; };
		8FA124ED19AB91620002E28D /* Roboto-LightItalic.ttf */ = {isa = PBXFileReference; lastKnownFileType = file; name = "Roboto-LightItalic.ttf"; path = "assets/fonts/Roboto-LightItalic.ttf"; sourceTree = "<group>"; };
		8FA124EE19AB91630002E28D /* Roboto-Medium.ttf */ = {isa = PBXFileReference; lastKnownFileType = file; name = "Roboto-Medium.ttf"; path = "assets/fonts/Roboto-Medium.ttf"; sourceTree = "<group>"; };
		8FA124EF19AB91630002E28D /* Roboto-MediumItalic.ttf */ = {isa = PBXFileReference; lastKnownFileType = file; name = "Roboto-MediumItalic.ttf"; path = "assets/fonts/Roboto-MediumItalic.ttf"; sourceTree = "<group>"; };
		8FA124F019AB91630002E28D /* Roboto-Regular.ttf */ = {isa = PBXFileReference; lastKnownFileType = file; name = "Roboto-Regular.ttf"; path = "assets/fonts/Roboto-Regular.ttf"; sourceTree = "<group>"; };
		8FA124F119AB91630002E28D /* Roboto-Thin.ttf */ = {isa = PBXFileReference; lastKnownFileType = file; name = "Roboto-Thin.ttf"; path = "assets/fonts/Roboto-Thin.ttf"; sourceTree = "<group>"; };
		8FA124F219AB91630002E28D /* Roboto-ThinItalic.ttf */ = {isa = PBXFileReference; lastKnownFileType = file; name = "Roboto-ThinItalic.ttf"; path = "assets/fonts/Roboto-ThinItalic.ttf"; sourceTree = "<group>"; };
		8FA124FF19ABA3D20002E28D /* dragCell.h */ = {isa = PBXFileReference; fileEncoding = 4; lastKnownFileType = sourcecode.c.h; path = dragCell.h; sourceTree = "<group>"; };
		8FA1250019ABA3D20002E28D /* dragCell.m */ = {isa = PBXFileReference; fileEncoding = 4; lastKnownFileType = sourcecode.c.objc; path = dragCell.m; sourceTree = "<group>"; };
		8FA1250119ABA3D20002E28D /* dragCell.xib */ = {isa = PBXFileReference; fileEncoding = 4; lastKnownFileType = file.xib; path = dragCell.xib; sourceTree = "<group>"; };
		8FC1799219AD58D2009FFE6F /* likesView.h */ = {isa = PBXFileReference; fileEncoding = 4; lastKnownFileType = sourcecode.c.h; path = likesView.h; sourceTree = "<group>"; };
		8FC1799319AD58D2009FFE6F /* likesView.m */ = {isa = PBXFileReference; fileEncoding = 4; lastKnownFileType = sourcecode.c.objc; path = likesView.m; sourceTree = "<group>"; };
		8FC1799519AD604D009FFE6F /* scoreCell.h */ = {isa = PBXFileReference; fileEncoding = 4; lastKnownFileType = sourcecode.c.h; path = scoreCell.h; sourceTree = "<group>"; };
		8FC1799619AD604D009FFE6F /* scoreCell.m */ = {isa = PBXFileReference; fileEncoding = 4; lastKnownFileType = sourcecode.c.objc; path = scoreCell.m; sourceTree = "<group>"; };
		8FC1799719AD604D009FFE6F /* scoreCell.xib */ = {isa = PBXFileReference; fileEncoding = 4; lastKnownFileType = file.xib; path = scoreCell.xib; sourceTree = "<group>"; };
		8FCE7E5E19A65AC300C110AB /* suggestic.app */ = {isa = PBXFileReference; explicitFileType = wrapper.application; includeInIndex = 0; path = suggestic.app; sourceTree = BUILT_PRODUCTS_DIR; };
		8FCE7E6119A65AC300C110AB /* Foundation.framework */ = {isa = PBXFileReference; lastKnownFileType = wrapper.framework; name = Foundation.framework; path = System/Library/Frameworks/Foundation.framework; sourceTree = SDKROOT; };
		8FCE7E6319A65AC300C110AB /* CoreGraphics.framework */ = {isa = PBXFileReference; lastKnownFileType = wrapper.framework; name = CoreGraphics.framework; path = System/Library/Frameworks/CoreGraphics.framework; sourceTree = SDKROOT; };
		8FCE7E6519A65AC300C110AB /* UIKit.framework */ = {isa = PBXFileReference; lastKnownFileType = wrapper.framework; name = UIKit.framework; path = System/Library/Frameworks/UIKit.framework; sourceTree = SDKROOT; };
		8FCE7E6919A65AC300C110AB /* suggestic-Info.plist */ = {isa = PBXFileReference; lastKnownFileType = text.plist.xml; path = "suggestic-Info.plist"; sourceTree = "<group>"; };
		8FCE7E6B19A65AC300C110AB /* en */ = {isa = PBXFileReference; lastKnownFileType = text.plist.strings; name = en; path = en.lproj/InfoPlist.strings; sourceTree = "<group>"; };
		8FCE7E6D19A65AC300C110AB /* main.m */ = {isa = PBXFileReference; lastKnownFileType = sourcecode.c.objc; path = main.m; sourceTree = "<group>"; };
		8FCE7E6F19A65AC300C110AB /* suggestic-Prefix.pch */ = {isa = PBXFileReference; lastKnownFileType = sourcecode.c.h; path = "suggestic-Prefix.pch"; sourceTree = "<group>"; };
		8FCE7E7019A65AC300C110AB /* AppDelegate.h */ = {isa = PBXFileReference; lastKnownFileType = sourcecode.c.h; path = AppDelegate.h; sourceTree = "<group>"; };
		8FCE7E7119A65AC300C110AB /* AppDelegate.m */ = {isa = PBXFileReference; lastKnownFileType = sourcecode.c.objc; path = AppDelegate.m; sourceTree = "<group>"; };
		8FCE7E7419A65AC400C110AB /* Base */ = {isa = PBXFileReference; lastKnownFileType = file.storyboard; name = Base; path = Base.lproj/Main_iPhone.storyboard; sourceTree = "<group>"; };
		8FCE7E7719A65AC400C110AB /* Base */ = {isa = PBXFileReference; lastKnownFileType = file.storyboard; name = Base; path = Base.lproj/Main_iPad.storyboard; sourceTree = "<group>"; };
		8FCE7E7919A65AC400C110AB /* ViewController.h */ = {isa = PBXFileReference; lastKnownFileType = sourcecode.c.h; path = ViewController.h; sourceTree = "<group>"; };
		8FCE7E7A19A65AC400C110AB /* ViewController.m */ = {isa = PBXFileReference; lastKnownFileType = sourcecode.c.objc; path = ViewController.m; sourceTree = "<group>"; };
		8FCE7E7C19A65AC400C110AB /* Images.xcassets */ = {isa = PBXFileReference; lastKnownFileType = folder.assetcatalog; path = Images.xcassets; sourceTree = "<group>"; };
		8FCE7E8219A65AC400C110AB /* suggesticTests.xctest */ = {isa = PBXFileReference; explicitFileType = wrapper.cfbundle; includeInIndex = 0; path = suggesticTests.xctest; sourceTree = BUILT_PRODUCTS_DIR; };
		8FCE7E8319A65AC400C110AB /* XCTest.framework */ = {isa = PBXFileReference; lastKnownFileType = wrapper.framework; name = XCTest.framework; path = Library/Frameworks/XCTest.framework; sourceTree = DEVELOPER_DIR; };
		8FCE7E8B19A65AC400C110AB /* suggesticTests-Info.plist */ = {isa = PBXFileReference; lastKnownFileType = text.plist.xml; path = "suggesticTests-Info.plist"; sourceTree = "<group>"; };
		8FCE7E8D19A65AC400C110AB /* en */ = {isa = PBXFileReference; lastKnownFileType = text.plist.strings; name = en; path = en.lproj/InfoPlist.strings; sourceTree = "<group>"; };
		8FCE7E8F19A65AC400C110AB /* suggesticTests.m */ = {isa = PBXFileReference; lastKnownFileType = sourcecode.c.objc; path = suggesticTests.m; sourceTree = "<group>"; };
		8FF016B119B407EC00300043 /* temp_cafe_logo.png */ = {isa = PBXFileReference; lastKnownFileType = image.png; name = temp_cafe_logo.png; path = assets/temp_cafe_logo.png; sourceTree = "<group>"; };
		8FF016B319B40DB600300043 /* detailsCell.h */ = {isa = PBXFileReference; fileEncoding = 4; lastKnownFileType = sourcecode.c.h; path = detailsCell.h; sourceTree = "<group>"; };
		8FF016B419B40DB600300043 /* detailsCell.m */ = {isa = PBXFileReference; fileEncoding = 4; lastKnownFileType = sourcecode.c.objc; path = detailsCell.m; sourceTree = "<group>"; };
		8FF016B619B41F6200300043 /* details_1.png */ = {isa = PBXFileReference; lastKnownFileType = image.png; name = details_1.png; path = assets/details_1.png; sourceTree = "<group>"; };
		8FF016B719B41F6200300043 /* details_2.png */ = {isa = PBXFileReference; lastKnownFileType = image.png; name = details_2.png; path = assets/details_2.png; sourceTree = "<group>"; };
		8FF016B819B41F6200300043 /* details_3.png */ = {isa = PBXFileReference; lastKnownFileType = image.png; name = details_3.png; path = assets/details_3.png; sourceTree = "<group>"; };
		8FF016B919B41F6200300043 /* details_4.png */ = {isa = PBXFileReference; lastKnownFileType = image.png; name = details_4.png; path = assets/details_4.png; sourceTree = "<group>"; };
		8FF016BA19B41F6200300043 /* details_5.png */ = {isa = PBXFileReference; lastKnownFileType = image.png; name = details_5.png; path = assets/details_5.png; sourceTree = "<group>"; };
		8FF016BB19B41F6200300043 /* details_6.png */ = {isa = PBXFileReference; lastKnownFileType = image.png; name = details_6.png; path = assets/details_6.png; sourceTree = "<group>"; };
		8FF016BC19B41F6200300043 /* details_7.png */ = {isa = PBXFileReference; lastKnownFileType = image.png; name = details_7.png; path = assets/details_7.png; sourceTree = "<group>"; };
		8FF016BD19B41F6200300043 /* details_8.png */ = {isa = PBXFileReference; lastKnownFileType = image.png; name = details_8.png; path = assets/details_8.png; sourceTree = "<group>"; };
/* End PBXFileReference section */

/* Begin PBXFrameworksBuildPhase section */
		8FCE7E5B19A65AC300C110AB /* Frameworks */ = {
			isa = PBXFrameworksBuildPhase;
			buildActionMask = 2147483647;
			files = (
				8FA124E619AB86F50002E28D /* QuartzCore.framework in Frameworks */,
				8FCE7E6419A65AC300C110AB /* CoreGraphics.framework in Frameworks */,
				8FCE7E6619A65AC300C110AB /* UIKit.framework in Frameworks */,
				8FCE7E6219A65AC300C110AB /* Foundation.framework in Frameworks */,
			);
			runOnlyForDeploymentPostprocessing = 0;
		};
		8FCE7E7F19A65AC400C110AB /* Frameworks */ = {
			isa = PBXFrameworksBuildPhase;
			buildActionMask = 2147483647;
			files = (
				8FCE7E8419A65AC400C110AB /* XCTest.framework in Frameworks */,
				8FCE7E8619A65AC400C110AB /* UIKit.framework in Frameworks */,
				8FCE7E8519A65AC400C110AB /* Foundation.framework in Frameworks */,
			);
			runOnlyForDeploymentPostprocessing = 0;
		};
/* End PBXFrameworksBuildPhase section */

/* Begin PBXGroup section */
		8FA124E419AAF5B60002E28D /* Helpers */ = {
			isa = PBXGroup;
			children = (
				8FA124FF19ABA3D20002E28D /* dragCell.h */,
				8FA1250019ABA3D20002E28D /* dragCell.m */,
				8FA1250119ABA3D20002E28D /* dragCell.xib */,
				8FC1799519AD604D009FFE6F /* scoreCell.h */,
				8FC1799619AD604D009FFE6F /* scoreCell.m */,
				8FC1799719AD604D009FFE6F /* scoreCell.xib */,
				8F8F02E519AE38A900C84692 /* searchCell.h */,
				8F8F02E619AE38A900C84692 /* searchCell.m */,
				8FF016B319B40DB600300043 /* detailsCell.h */,
				8FF016B419B40DB600300043 /* detailsCell.m */,
			);
			name = Helpers;
			sourceTree = "<group>";
		};
		8FCE7E5519A65AC200C110AB = {
			isa = PBXGroup;
			children = (
				8FCE7E6719A65AC300C110AB /* suggestic */,
				8FCE7E8919A65AC400C110AB /* suggesticTests */,
				8FCE7E6019A65AC300C110AB /* Frameworks */,
				8FCE7E5F19A65AC300C110AB /* Products */,
			);
			sourceTree = "<group>";
		};
		8FCE7E5F19A65AC300C110AB /* Products */ = {
			isa = PBXGroup;
			children = (
				8FCE7E5E19A65AC300C110AB /* suggestic.app */,
				8FCE7E8219A65AC400C110AB /* suggesticTests.xctest */,
			);
			name = Products;
			sourceTree = "<group>";
		};
		8FCE7E6019A65AC300C110AB /* Frameworks */ = {
			isa = PBXGroup;
			children = (
				8FA124E519AB86F50002E28D /* QuartzCore.framework */,
				8FCE7E6119A65AC300C110AB /* Foundation.framework */,
				8FCE7E6319A65AC300C110AB /* CoreGraphics.framework */,
				8FCE7E6519A65AC300C110AB /* UIKit.framework */,
				8FCE7E8319A65AC400C110AB /* XCTest.framework */,
			);
			name = Frameworks;
			sourceTree = "<group>";
		};
		8FCE7E6719A65AC300C110AB /* suggestic */ = {
			isa = PBXGroup;
			children = (
				8FA124E419AAF5B60002E28D /* Helpers */,
				8FCE7E7019A65AC300C110AB /* AppDelegate.h */,
				8FCE7E7119A65AC300C110AB /* AppDelegate.m */,
				8FCE7E7319A65AC400C110AB /* Main_iPhone.storyboard */,
				8FCE7E7619A65AC400C110AB /* Main_iPad.storyboard */,
				8FA124D619A97F2C0002E28D /* loginView.h */,
				8FA124D719A97F2C0002E28D /* loginView.m */,
				8FA124DC19A994310002E28D /* restrictionsView.h */,
				8FA124DD19A994310002E28D /* restrictionsView.m */,
				8FC1799219AD58D2009FFE6F /* likesView.h */,
				8FC1799319AD58D2009FFE6F /* likesView.m */,
				8F8F02E819AE3A0B00C84692 /* searchView.h */,
				8F8F02E919AE3A0B00C84692 /* searchView.m */,
				8F8837D419B2ADBE00261E60 /* detailsView.h */,
				8F8837D519B2ADBE00261E60 /* detailsView.m */,
				8FCE7E7919A65AC400C110AB /* ViewController.h */,
				8FCE7E7A19A65AC400C110AB /* ViewController.m */,
				8FCE7E7C19A65AC400C110AB /* Images.xcassets */,
				8FCE7E6819A65AC300C110AB /* Supporting Files */,
			);
			path = suggestic;
			sourceTree = "<group>";
		};
		8FCE7E6819A65AC300C110AB /* Supporting Files */ = {
			isa = PBXGroup;
			children = (
				8FF016B619B41F6200300043 /* details_1.png */,
				8FF016B719B41F6200300043 /* details_2.png */,
				8FF016B819B41F6200300043 /* details_3.png */,
				8FF016B919B41F6200300043 /* details_4.png */,
				8FF016BA19B41F6200300043 /* details_5.png */,
				8FF016BB19B41F6200300043 /* details_6.png */,
				8FF016BC19B41F6200300043 /* details_7.png */,
				8FF016BD19B41F6200300043 /* details_8.png */,
				8FF016B119B407EC00300043 /* temp_cafe_logo.png */,
				8F8F02FB19AE5EF400C84692 /* th_1.png */,
				8F8F02FC19AE5EF400C84692 /* th_2.png */,
				8F8F02FD19AE5EF400C84692 /* th_3.png */,
				8F8F02FE19AE5EF400C84692 /* th_4.png */,
				8F8F02FF19AE5EF400C84692 /* th_5.png */,
				8F8F030019AE5EF400C84692 /* th_6.png */,
				8F8F030119AE5EF400C84692 /* th_7.png */,
				8F8F030219AE5EF400C84692 /* th_8.png */,
				8F8F02EB19AE5EE100C84692 /* big_1.png */,
				8F8F02EC19AE5EE100C84692 /* big_2.png */,
				8F8F02ED19AE5EE100C84692 /* big_3.png */,
				8F8F02EE19AE5EE100C84692 /* big_4.png */,
				8F8F02EF19AE5EE100C84692 /* big_5.png */,
				8F8F02F019AE5EE100C84692 /* big_6.png */,
				8F8F02F119AE5EE100C84692 /* big_7.png */,
				8F8F02F219AE5EE100C84692 /* big_8.png */,
				8FA124E719AB91620002E28D /* Roboto-Black.ttf */,
				8FA124E819AB91620002E28D /* Roboto-BlackItalic.ttf */,
				8FA124E919AB91620002E28D /* Roboto-Bold.ttf */,
				8FA124EA19AB91620002E28D /* Roboto-BoldItalic.ttf */,
				8FA124EB19AB91620002E28D /* Roboto-Italic.ttf */,
				8FA124EC19AB91620002E28D /* Roboto-Light.ttf */,
				8FA124ED19AB91620002E28D /* Roboto-LightItalic.ttf */,
				8FA124EE19AB91630002E28D /* Roboto-Medium.ttf */,
				8FA124EF19AB91630002E28D /* Roboto-MediumItalic.ttf */,
				8FA124F019AB91630002E28D /* Roboto-Regular.ttf */,
				8FA124F119AB91630002E28D /* Roboto-Thin.ttf */,
				8FA124F219AB91630002E28D /* Roboto-ThinItalic.ttf */,
				8FA1247819A9689B0002E28D /* avatar_big.png */,
				8FA1247919A9689B0002E28D /* avatar_small.png */,
				8FA1247A19A9689B0002E28D /* back_1.jpg */,
				8FA1247B19A9689B0002E28D /* back_2.jpg */,
				8FA1247C19A9689B0002E28D /* back_notification.jpg */,
				8FA1247D19A9689B0002E28D /* back_topbar.png */,
				8FA1247E19A9689B0002E28D /* back.png */,
				8FA1247F19A9689B0002E28D /* camera_btn.png */,
				8FA1248019A9689B0002E28D /* card_big.png */,
				8FA1248119A9689B0002E28D /* card_shadow.png */,
				8FA1248619A9689B0002E28D /* CARDS */,
				8FA1248719A9689B0002E28D /* categoria_bar.png */,
				8FA1248819A9689B0002E28D /* categoria_op2_bar.png */,
				8FA1248919A9689B0002E28D /* close_btn.png */,
				8FA1248A19A9689B0002E28D /* dislike_off.png */,
				8FA1248B19A9689B0002E28D /* dislike_on.png */,
				8FA1248C19A9689B0002E28D /* empty_badge_profile.jpg */,
				8FA1248D19A9689B0002E28D /* fabebook_btn.png */,
				8FA1248E19A9689B0002E28D /* fav_mini_on.png */,
				8FA1248F19A9689B0002E28D /* fav_moni_off.png */,
				8FA1249019A9689B0002E28D /* fav_off.png */,
				8FA1249119A9689B0002E28D /* fav_on.png */,
				8FA1249219A9689B0002E28D /* flag_off.png */,
				8FA1249319A9689B0002E28D /* flag_on.png */,
				8FA1249419A9689B0002E28D /* happy_mini.png */,
				8FA1249519A9689B0002E28D /* linkedin.png */,
				8FA1249619A9689B0002E28D /* log_suggestic_bar.png */,
				8FA1249719A9689B0002E28D /* logo_suggestic_inicio.png */,
				8FA1249819A9689B0002E28D /* menu_top_bar.png */,
				8FA1249919A9689B0002E28D /* next_btn_inicio.png */,
				8FA1249A19A9689B0002E28D /* no_image_icon.png */,
				8FA1249B19A9689B0002E28D /* ok_btn_inicio.png */,
				8FA1249C19A9689B0002E28D /* ok_btn.png */,
				8FA1249D19A9689B0002E28D /* page_off.png */,
				8FA1249E19A9689B0002E28D /* page_on.png */,
				8FA1249F19A9689B0002E28D /* phone_btn.png */,
				8FA124A019A9689B0002E28D /* phone.png */,
				8FA124A119A9689B0002E28D /* pin.png */,
				8FA124A219A9689B0002E28D /* plus_btn.png */,
				8FA124A319A9689B0002E28D /* sad_mini.png */,
				8FA124A419A9689B0002E28D /* search_top_bar.png */,
				8FA124A519A9689B0002E28D /* sombra_restaurant_info.png */,
				8FA124A619A9689B0002E28D /* twitter_btn.png */,
				8FCE7E6919A65AC300C110AB /* suggestic-Info.plist */,
				8FCE7E6A19A65AC300C110AB /* InfoPlist.strings */,
				8FCE7E6D19A65AC300C110AB /* main.m */,
				8FCE7E6F19A65AC300C110AB /* suggestic-Prefix.pch */,
			);
			name = "Supporting Files";
			sourceTree = "<group>";
		};
		8FCE7E8919A65AC400C110AB /* suggesticTests */ = {
			isa = PBXGroup;
			children = (
				8FCE7E8F19A65AC400C110AB /* suggesticTests.m */,
				8FCE7E8A19A65AC400C110AB /* Supporting Files */,
			);
			path = suggesticTests;
			sourceTree = "<group>";
		};
		8FCE7E8A19A65AC400C110AB /* Supporting Files */ = {
			isa = PBXGroup;
			children = (
				8FCE7E8B19A65AC400C110AB /* suggesticTests-Info.plist */,
				8FCE7E8C19A65AC400C110AB /* InfoPlist.strings */,
			);
			name = "Supporting Files";
			sourceTree = "<group>";
		};
/* End PBXGroup section */

/* Begin PBXNativeTarget section */
		8FCE7E5D19A65AC300C110AB /* suggestic */ = {
			isa = PBXNativeTarget;
			buildConfigurationList = 8FCE7E9319A65AC400C110AB /* Build configuration list for PBXNativeTarget "suggestic" */;
			buildPhases = (
				8FCE7E5A19A65AC300C110AB /* Sources */,
				8FCE7E5B19A65AC300C110AB /* Frameworks */,
				8FCE7E5C19A65AC300C110AB /* Resources */,
			);
			buildRules = (
			);
			dependencies = (
			);
			name = suggestic;
			productName = suggestic;
			productReference = 8FCE7E5E19A65AC300C110AB /* suggestic.app */;
			productType = "com.apple.product-type.application";
		};
		8FCE7E8119A65AC400C110AB /* suggesticTests */ = {
			isa = PBXNativeTarget;
			buildConfigurationList = 8FCE7E9619A65AC400C110AB /* Build configuration list for PBXNativeTarget "suggesticTests" */;
			buildPhases = (
				8FCE7E7E19A65AC400C110AB /* Sources */,
				8FCE7E7F19A65AC400C110AB /* Frameworks */,
				8FCE7E8019A65AC400C110AB /* Resources */,
			);
			buildRules = (
			);
			dependencies = (
				8FCE7E8819A65AC400C110AB /* PBXTargetDependency */,
			);
			name = suggesticTests;
			productName = suggesticTests;
			productReference = 8FCE7E8219A65AC400C110AB /* suggesticTests.xctest */;
			productType = "com.apple.product-type.bundle.unit-test";
		};
/* End PBXNativeTarget section */

/* Begin PBXProject section */
		8FCE7E5619A65AC200C110AB /* Project object */ = {
			isa = PBXProject;
			attributes = {
				LastUpgradeCheck = 0510;
				ORGANIZATIONNAME = "Kokonut Studio";
				TargetAttributes = {
					8FCE7E8119A65AC400C110AB = {
						TestTargetID = 8FCE7E5D19A65AC300C110AB;
					};
				};
			};
			buildConfigurationList = 8FCE7E5919A65AC300C110AB /* Build configuration list for PBXProject "suggestic" */;
			compatibilityVersion = "Xcode 3.2";
			developmentRegion = English;
			hasScannedForEncodings = 0;
			knownRegions = (
				en,
				Base,
			);
			mainGroup = 8FCE7E5519A65AC200C110AB;
			productRefGroup = 8FCE7E5F19A65AC300C110AB /* Products */;
			projectDirPath = "";
			projectRoot = "";
			targets = (
				8FCE7E5D19A65AC300C110AB /* suggestic */,
				8FCE7E8119A65AC400C110AB /* suggesticTests */,
			);
		};
/* End PBXProject section */

/* Begin PBXResourcesBuildPhase section */
		8FCE7E5C19A65AC300C110AB /* Resources */ = {
			isa = PBXResourcesBuildPhase;
			buildActionMask = 2147483647;
			files = (
				8F8F02F919AE5EE100C84692 /* big_7.png in Resources */,
				8F8F02F519AE5EE100C84692 /* big_3.png in Resources */,
				8FA124FE19AB91630002E28D /* Roboto-ThinItalic.ttf in Resources */,
				8FA124C619A9689B0002E28D /* logo_suggestic_inicio.png in Resources */,
				8F8F02F819AE5EE100C84692 /* big_6.png in Resources */,
				8FA124BE19A9689B0002E28D /* fav_moni_off.png in Resources */,
				8FA124AC19A9689B0002E28D /* back_topbar.png in Resources */,
				8FA124AE19A9689B0002E28D /* camera_btn.png in Resources */,
				8F8F02FA19AE5EE100C84692 /* big_8.png in Resources */,
				8FA124CC19A9689B0002E28D /* page_off.png in Resources */,
				8FA124D019A9689B0002E28D /* pin.png in Resources */,
				8FA124BA19A9689B0002E28D /* dislike_on.png in Resources */,
				8FA124F819AB91630002E28D /* Roboto-Light.ttf in Resources */,
				8FCE7E7819A65AC400C110AB /* Main_iPad.storyboard in Resources */,
				8FA124D119A9689B0002E28D /* plus_btn.png in Resources */,
				8FF016B219B407ED00300043 /* temp_cafe_logo.png in Resources */,
				8F8F02F419AE5EE100C84692 /* big_2.png in Resources */,
				8FA124FD19AB91630002E28D /* Roboto-Thin.ttf in Resources */,
				8FA124BD19A9689B0002E28D /* fav_mini_on.png in Resources */,
				8FA124F919AB91630002E28D /* Roboto-LightItalic.ttf in Resources */,
				8FA124F319AB91630002E28D /* Roboto-Black.ttf in Resources */,
				8FA124BC19A9689B0002E28D /* fabebook_btn.png in Resources */,
				8FA124B019A9689B0002E28D /* card_shadow.png in Resources */,
				8F8F030619AE5EF400C84692 /* th_4.png in Resources */,
				8FA124B819A9689B0002E28D /* close_btn.png in Resources */,
				8FA124B719A9689B0002E28D /* categoria_op2_bar.png in Resources */,
				8FA124B519A9689B0002E28D /* CARDS in Resources */,
				8F8F030A19AE5EF400C84692 /* th_8.png in Resources */,
				8FA124F419AB91630002E28D /* Roboto-BlackItalic.ttf in Resources */,
				8FA124C519A9689B0002E28D /* log_suggestic_bar.png in Resources */,
				8FCE7E7D19A65AC400C110AB /* Images.xcassets in Resources */,
				8FA124A819A9689B0002E28D /* avatar_small.png in Resources */,
				8FA124AF19A9689B0002E28D /* card_big.png in Resources */,
				8FA124FA19AB91630002E28D /* Roboto-Medium.ttf in Resources */,
				8FA124C419A9689B0002E28D /* linkedin.png in Resources */,
				8FA124F519AB91630002E28D /* Roboto-Bold.ttf in Resources */,
				8FA124C319A9689B0002E28D /* happy_mini.png in Resources */,
				8FA124CA19A9689B0002E28D /* ok_btn_inicio.png in Resources */,
				8F8F02F719AE5EE100C84692 /* big_5.png in Resources */,
				8FF016C119B41F6200300043 /* details_4.png in Resources */,
				8FF016BF19B41F6200300043 /* details_2.png in Resources */,
				8FA124AA19A9689B0002E28D /* back_2.jpg in Resources */,
				8FA124C719A9689B0002E28D /* menu_top_bar.png in Resources */,
				8F8F030719AE5EF400C84692 /* th_5.png in Resources */,
				8FA124AB19A9689B0002E28D /* back_notification.jpg in Resources */,
				8FA124CE19A9689B0002E28D /* phone_btn.png in Resources */,
				8FA124F619AB91630002E28D /* Roboto-BoldItalic.ttf in Resources */,
				8FF016C019B41F6200300043 /* details_3.png in Resources */,
				8FA124FC19AB91630002E28D /* Roboto-Regular.ttf in Resources */,
				8FA124A919A9689B0002E28D /* back_1.jpg in Resources */,
				8FA124C819A9689B0002E28D /* next_btn_inicio.png in Resources */,
				8FF016C519B41F6200300043 /* details_8.png in Resources */,
				8FA124D519A9689B0002E28D /* twitter_btn.png in Resources */,
				8FA124AD19A9689B0002E28D /* back.png in Resources */,
				8FC1799919AD604D009FFE6F /* scoreCell.xib in Resources */,
				8FA124D319A9689B0002E28D /* search_top_bar.png in Resources */,
				8FA124CD19A9689B0002E28D /* page_on.png in Resources */,
				8FA124C219A9689B0002E28D /* flag_on.png in Resources */,
				8FA1250319ABA3D20002E28D /* dragCell.xib in Resources */,
				8FA124F719AB91630002E28D /* Roboto-Italic.ttf in Resources */,
				8FCE7E7519A65AC400C110AB /* Main_iPhone.storyboard in Resources */,
				8F8F02F619AE5EE100C84692 /* big_4.png in Resources */,
				8FA124CF19A9689B0002E28D /* phone.png in Resources */,
				8FA124D219A9689B0002E28D /* sad_mini.png in Resources */,
				8FA124B619A9689B0002E28D /* categoria_bar.png in Resources */,
				8F8F02F319AE5EE100C84692 /* big_1.png in Resources */,
				8FA124C019A9689B0002E28D /* fav_on.png in Resources */,
				8FA124A719A9689B0002E28D /* avatar_big.png in Resources */,
				8FF016C319B41F6200300043 /* details_6.png in Resources */,
				8FA124C919A9689B0002E28D /* no_image_icon.png in Resources */,
				8F8F030319AE5EF400C84692 /* th_1.png in Resources */,
				8FA124C119A9689B0002E28D /* flag_off.png in Resources */,
				8FA124BB19A9689B0002E28D /* empty_badge_profile.jpg in Resources */,
				8FA124CB19A9689B0002E28D /* ok_btn.png in Resources */,
				8F8F030519AE5EF400C84692 /* th_3.png in Resources */,
				8FA124BF19A9689B0002E28D /* fav_off.png in Resources */,
				8FF016BE19B41F6200300043 /* details_1.png in Resources */,
				8FF016C219B41F6200300043 /* details_5.png in Resources */,
				8F8F030919AE5EF400C84692 /* th_7.png in Resources */,
				8F8F030419AE5EF400C84692 /* th_2.png in Resources */,
				8FCE7E6C19A65AC300C110AB /* InfoPlist.strings in Resources */,
				8F8F030819AE5EF400C84692 /* th_6.png in Resources */,
				8FA124D419A9689B0002E28D /* sombra_restaurant_info.png in Resources */,
				8FA124FB19AB91630002E28D /* Roboto-MediumItalic.ttf in Resources */,
				8FA124B919A9689B0002E28D /* dislike_off.png in Resources */,
				8FF016C419B41F6200300043 /* details_7.png in Resources */,
			);
			runOnlyForDeploymentPostprocessing = 0;
		};
		8FCE7E8019A65AC400C110AB /* Resources */ = {
			isa = PBXResourcesBuildPhase;
			buildActionMask = 2147483647;
			files = (
				8FCE7E8E19A65AC400C110AB /* InfoPlist.strings in Resources */,
			);
			runOnlyForDeploymentPostprocessing = 0;
		};
/* End PBXResourcesBuildPhase section */

/* Begin PBXSourcesBuildPhase section */
		8FCE7E5A19A65AC300C110AB /* Sources */ = {
			isa = PBXSourcesBuildPhase;
			buildActionMask = 2147483647;
			files = (
				8F8837D619B2ADBE00261E60 /* detailsView.m in Sources */,
				8F8F02E719AE38A900C84692 /* searchCell.m in Sources */,
				8FA124DE19A994310002E28D /* restrictionsView.m in Sources */,
				8FCE7E7B19A65AC400C110AB /* ViewController.m in Sources */,
				8FC1799819AD604D009FFE6F /* scoreCell.m in Sources */,
				8FCE7E7219A65AC300C110AB /* AppDelegate.m in Sources */,
				8FA124D819A97F2D0002E28D /* loginView.m in Sources */,
				8FCE7E6E19A65AC300C110AB /* main.m in Sources */,
				8FA1250219ABA3D20002E28D /* dragCell.m in Sources */,
				8F8F02EA19AE3A0B00C84692 /* searchView.m in Sources */,
				8FF016B519B40DB600300043 /* detailsCell.m in Sources */,
				8FC1799419AD58D2009FFE6F /* likesView.m in Sources */,
			);
			runOnlyForDeploymentPostprocessing = 0;
		};
		8FCE7E7E19A65AC400C110AB /* Sources */ = {
			isa = PBXSourcesBuildPhase;
			buildActionMask = 2147483647;
			files = (
				8FCE7E9019A65AC400C110AB /* suggesticTests.m in Sources */,
			);
			runOnlyForDeploymentPostprocessing = 0;
		};
/* End PBXSourcesBuildPhase section */

/* Begin PBXTargetDependency section */
		8FCE7E8819A65AC400C110AB /* PBXTargetDependency */ = {
			isa = PBXTargetDependency;
			target = 8FCE7E5D19A65AC300C110AB /* suggestic */;
			targetProxy = 8FCE7E8719A65AC400C110AB /* PBXContainerItemProxy */;
		};
/* End PBXTargetDependency section */

/* Begin PBXVariantGroup section */
		8FCE7E6A19A65AC300C110AB /* InfoPlist.strings */ = {
			isa = PBXVariantGroup;
			children = (
				8FCE7E6B19A65AC300C110AB /* en */,
			);
			name = InfoPlist.strings;
			sourceTree = "<group>";
		};
		8FCE7E7319A65AC400C110AB /* Main_iPhone.storyboard */ = {
			isa = PBXVariantGroup;
			children = (
				8FCE7E7419A65AC400C110AB /* Base */,
			);
			name = Main_iPhone.storyboard;
			sourceTree = "<group>";
		};
		8FCE7E7619A65AC400C110AB /* Main_iPad.storyboard */ = {
			isa = PBXVariantGroup;
			children = (
				8FCE7E7719A65AC400C110AB /* Base */,
			);
			name = Main_iPad.storyboard;
			sourceTree = "<group>";
		};
		8FCE7E8C19A65AC400C110AB /* InfoPlist.strings */ = {
			isa = PBXVariantGroup;
			children = (
				8FCE7E8D19A65AC400C110AB /* en */,
			);
			name = InfoPlist.strings;
			sourceTree = "<group>";
		};
/* End PBXVariantGroup section */

/* Begin XCBuildConfiguration section */
		8FCE7E9119A65AC400C110AB /* Debug */ = {
			isa = XCBuildConfiguration;
			buildSettings = {
				ALWAYS_SEARCH_USER_PATHS = NO;
				CLANG_CXX_LANGUAGE_STANDARD = "gnu++0x";
				CLANG_CXX_LIBRARY = "libc++";
				CLANG_ENABLE_MODULES = YES;
				CLANG_ENABLE_OBJC_ARC = YES;
				CLANG_WARN_BOOL_CONVERSION = YES;
				CLANG_WARN_CONSTANT_CONVERSION = YES;
				CLANG_WARN_DIRECT_OBJC_ISA_USAGE = YES_ERROR;
				CLANG_WARN_EMPTY_BODY = YES;
				CLANG_WARN_ENUM_CONVERSION = YES;
				CLANG_WARN_INT_CONVERSION = YES;
				CLANG_WARN_OBJC_ROOT_CLASS = YES_ERROR;
				CLANG_WARN__DUPLICATE_METHOD_MATCH = YES;
				"CODE_SIGN_IDENTITY[sdk=iphoneos*]" = "iPhone Developer";
				COPY_PHASE_STRIP = NO;
				GCC_C_LANGUAGE_STANDARD = gnu99;
				GCC_DYNAMIC_NO_PIC = NO;
				GCC_OPTIMIZATION_LEVEL = 0;
				GCC_PREPROCESSOR_DEFINITIONS = (
					"DEBUG=1",
					"$(inherited)",
				);
				GCC_SYMBOLS_PRIVATE_EXTERN = NO;
				GCC_WARN_64_TO_32_BIT_CONVERSION = YES;
				GCC_WARN_ABOUT_RETURN_TYPE = YES_ERROR;
				GCC_WARN_UNDECLARED_SELECTOR = YES;
				GCC_WARN_UNINITIALIZED_AUTOS = YES_AGGRESSIVE;
				GCC_WARN_UNUSED_FUNCTION = YES;
				GCC_WARN_UNUSED_VARIABLE = YES;
				IPHONEOS_DEPLOYMENT_TARGET = 7.1;
				ONLY_ACTIVE_ARCH = YES;
				SDKROOT = iphoneos;
				TARGETED_DEVICE_FAMILY = "1,2";
			};
			name = Debug;
		};
		8FCE7E9219A65AC400C110AB /* Release */ = {
			isa = XCBuildConfiguration;
			buildSettings = {
				ALWAYS_SEARCH_USER_PATHS = NO;
				CLANG_CXX_LANGUAGE_STANDARD = "gnu++0x";
				CLANG_CXX_LIBRARY = "libc++";
				CLANG_ENABLE_MODULES = YES;
				CLANG_ENABLE_OBJC_ARC = YES;
				CLANG_WARN_BOOL_CONVERSION = YES;
				CLANG_WARN_CONSTANT_CONVERSION = YES;
				CLANG_WARN_DIRECT_OBJC_ISA_USAGE = YES_ERROR;
				CLANG_WARN_EMPTY_BODY = YES;
				CLANG_WARN_ENUM_CONVERSION = YES;
				CLANG_WARN_INT_CONVERSION = YES;
				CLANG_WARN_OBJC_ROOT_CLASS = YES_ERROR;
				CLANG_WARN__DUPLICATE_METHOD_MATCH = YES;
				"CODE_SIGN_IDENTITY[sdk=iphoneos*]" = "iPhone Developer";
				COPY_PHASE_STRIP = YES;
				ENABLE_NS_ASSERTIONS = NO;
				GCC_C_LANGUAGE_STANDARD = gnu99;
				GCC_WARN_64_TO_32_BIT_CONVERSION = YES;
				GCC_WARN_ABOUT_RETURN_TYPE = YES_ERROR;
				GCC_WARN_UNDECLARED_SELECTOR = YES;
				GCC_WARN_UNINITIALIZED_AUTOS = YES_AGGRESSIVE;
				GCC_WARN_UNUSED_FUNCTION = YES;
				GCC_WARN_UNUSED_VARIABLE = YES;
				IPHONEOS_DEPLOYMENT_TARGET = 7.1;
				SDKROOT = iphoneos;
				TARGETED_DEVICE_FAMILY = "1,2";
				VALIDATE_PRODUCT = YES;
			};
			name = Release;
		};
		8FCE7E9419A65AC400C110AB /* Debug */ = {
			isa = XCBuildConfiguration;
			buildSettings = {
				ASSETCATALOG_COMPILER_APPICON_NAME = AppIcon;
				ASSETCATALOG_COMPILER_LAUNCHIMAGE_NAME = LaunchImage;
				GCC_PRECOMPILE_PREFIX_HEADER = YES;
				GCC_PREFIX_HEADER = "suggestic/suggestic-Prefix.pch";
				INFOPLIST_FILE = "suggestic/suggestic-Info.plist";
				PRODUCT_NAME = "$(TARGET_NAME)";
				TARGETED_DEVICE_FAMILY = 1;
				WRAPPER_EXTENSION = app;
			};
			name = Debug;
		};
		8FCE7E9519A65AC400C110AB /* Release */ = {
			isa = XCBuildConfiguration;
			buildSettings = {
				ASSETCATALOG_COMPILER_APPICON_NAME = AppIcon;
				ASSETCATALOG_COMPILER_LAUNCHIMAGE_NAME = LaunchImage;
				GCC_PRECOMPILE_PREFIX_HEADER = YES;
				GCC_PREFIX_HEADER = "suggestic/suggestic-Prefix.pch";
				INFOPLIST_FILE = "suggestic/suggestic-Info.plist";
				PRODUCT_NAME = "$(TARGET_NAME)";
				TARGETED_DEVICE_FAMILY = 1;
				WRAPPER_EXTENSION = app;
			};
			name = Release;
		};
		8FCE7E9719A65AC400C110AB /* Debug */ = {
			isa = XCBuildConfiguration;
			buildSettings = {
				BUNDLE_LOADER = "$(BUILT_PRODUCTS_DIR)/suggestic.app/suggestic";
				FRAMEWORK_SEARCH_PATHS = (
					"$(SDKROOT)/Developer/Library/Frameworks",
					"$(inherited)",
					"$(DEVELOPER_FRAMEWORKS_DIR)",
				);
				GCC_PRECOMPILE_PREFIX_HEADER = YES;
				GCC_PREFIX_HEADER = "suggestic/suggestic-Prefix.pch";
				GCC_PREPROCESSOR_DEFINITIONS = (
					"DEBUG=1",
					"$(inherited)",
				);
				INFOPLIST_FILE = "suggesticTests/suggesticTests-Info.plist";
				PRODUCT_NAME = "$(TARGET_NAME)";
				TEST_HOST = "$(BUNDLE_LOADER)";
				WRAPPER_EXTENSION = xctest;
			};
			name = Debug;
		};
		8FCE7E9819A65AC400C110AB /* Release */ = {
			isa = XCBuildConfiguration;
			buildSettings = {
				BUNDLE_LOADER = "$(BUILT_PRODUCTS_DIR)/suggestic.app/suggestic";
				FRAMEWORK_SEARCH_PATHS = (
					"$(SDKROOT)/Developer/Library/Frameworks",
					"$(inherited)",
					"$(DEVELOPER_FRAMEWORKS_DIR)",
				);
				GCC_PRECOMPILE_PREFIX_HEADER = YES;
				GCC_PREFIX_HEADER = "suggestic/suggestic-Prefix.pch";
				INFOPLIST_FILE = "suggesticTests/suggesticTests-Info.plist";
				PRODUCT_NAME = "$(TARGET_NAME)";
				TEST_HOST = "$(BUNDLE_LOADER)";
				WRAPPER_EXTENSION = xctest;
			};
			name = Release;
		};
/* End XCBuildConfiguration section */

/* Begin XCConfigurationList section */
		8FCE7E5919A65AC300C110AB /* Build configuration list for PBXProject "suggestic" */ = {
			isa = XCConfigurationList;
			buildConfigurations = (
				8FCE7E9119A65AC400C110AB /* Debug */,
				8FCE7E9219A65AC400C110AB /* Release */,
			);
			defaultConfigurationIsVisible = 0;
			defaultConfigurationName = Release;
		};
		8FCE7E9319A65AC400C110AB /* Build configuration list for PBXNativeTarget "suggestic" */ = {
			isa = XCConfigurationList;
			buildConfigurations = (
				8FCE7E9419A65AC400C110AB /* Debug */,
				8FCE7E9519A65AC400C110AB /* Release */,
			);
			defaultConfigurationIsVisible = 0;
			defaultConfigurationName = Release;
		};
		8FCE7E9619A65AC400C110AB /* Build configuration list for PBXNativeTarget "suggesticTests" */ = {
			isa = XCConfigurationList;
			buildConfigurations = (
				8FCE7E9719A65AC400C110AB /* Debug */,
				8FCE7E9819A65AC400C110AB /* Release */,
			);
			defaultConfigurationIsVisible = 0;
			defaultConfigurationName = Release;
		};
/* End XCConfigurationList section */
	};
	rootObject = 8FCE7E5619A65AC200C110AB /* Project object */;
}
